mattermost_app_image=mattermost/mattermost-team-edition:10.5.3
mattermost_db_image=postgres:15.10-alpine
mattermost_docker_ref=3b62fdbb4d8e0f189b7c5e1f8a5f9fba2a5b35c8
claude_code_install_source=https://code.claude.com/docs/en/installation
claude_code_default_model=claude-opus-4-6-20260130
claude_code_model_fallbacks=claude-opus-4-6-thinking,claude-opus-4-6,claude-opus-4-7-thinking,claude-opus-4-7,claude-opus-4-8-thinking,claude-opus-4-8
codex_install_source=external_prerequisite
