mattermost_image_repository=mattermost/mattermost-team-edition
mattermost_version=latest
mattermost_min_version=10.11.0
mattermost_db_image=postgres:15.10-alpine@sha256:a58cec2ba7a60b4c08d51f2ca93c1ad65fbf96e75cf0c89b7c0d2684860d3bb3
mattermost_caddy_image=caddy:2.8.4-alpine@sha256:af32e97399febea808609119bb21544d0265c58a02836576e32a2d082c262c17
mattermost_docker_ref=3b62fdbb4d8e0f189b7c5e1f8a5f9fba2a5b35c8
claude_code_install_source=https://docs.anthropic.com/en/docs/claude-code/setup
claude_code_npm_package=@anthropic-ai/claude-code
claude_code_npm_version=2.1.153
claude_code_default_model=claude-opus-4-6-20260130
claude_code_model_fallbacks=claude-opus-4-6-thinking,claude-opus-4-6,claude-opus-4-7-thinking,claude-opus-4-7,claude-opus-4-8-thinking,claude-opus-4-8
codex_install_source=npm
codex_npm_package=@openai/codex
codex_npm_version=0.138.0
codex_node_min_major=22
codex_node_install_major=24
